// !$*UTF8*$!
{
	archiveVersion = 1;
	classes = {
	};
	objectVersion = 50;
	objects = {

/* Begin PBXBuildFile section */
		C3741D1AA9F3E4619C9B17D5 /* Pods_AddressDetailTest.framework in Frameworks */ = {isa = PBXBuildFile; fileRef = 6913EC63526052E06383A744 /* Pods_AddressDetailTest.framework */; };
		EB7CCCE620E8C43F00FCC6B5 /* AppDelegate.swift in Sources */ = {isa = PBXBuildFile; fileRef = EB7CCCE520E8C43F00FCC6B5 /* AppDelegate.swift */; };
		EB7CCCE820E8C43F00FCC6B5 /* ViewController.swift in Sources */ = {isa = PBXBuildFile; fileRef = EB7CCCE720E8C43F00FCC6B5 /* ViewController.swift */; };
		EB7CCCEB20E8C43F00FCC6B5 /* Main.storyboard in Resources */ = {isa = PBXBuildFile; fileRef = EB7CCCE920E8C43F00FCC6B5 /* Main.storyboard */; };
		EB7CCCED20E8C44000FCC6B5 /* Assets.xcassets in Resources */ = {isa = PBXBuildFile; fileRef = EB7CCCEC20E8C44000FCC6B5 /* Assets.xcassets */; };
		EB7CCCF020E8C44000FCC6B5 /* LaunchScreen.storyboard in Resources */ = {isa = PBXBuildFile; fileRef = EB7CCCEE20E8C44000FCC6B5 /* LaunchScreen.storyboard */; };
/* End PBXBuildFile section */

/* Begin PBXFileReference section */
		122CC3C2D33EAF797488475A /* Pods-AddressDetailTest.release.xcconfig */ = {isa = PBXFileReference; includeInIndex = 1; lastKnownFileType = text.xcconfig; name = "Pods-AddressDetailTest.release.xcconfig"; path = "Pods/Target Support Files/Pods-AddressDetailTest/Pods-AddressDetailTest.release.xcconfig"; sourceTree = "<group>"; };
		6913EC63526052E06383A744 /* Pods_AddressDetailTest.framework */ = {isa = PBXFileReference; explicitFileType = wrapper.framework; includeInIndex = 0; path = Pods_AddressDetailTest.framework; sourceTree = BUILT_PRODUCTS_DIR; };
		E2B85ADA8F9D17051F2F33ED /* Pods-AddressDetailTest.debug.xcconfig */ = {isa = PBXFileReference; includeInIndex = 1; lastKnownFileType = text.xcconfig; name = "Pods-AddressDetailTest.debug.xcconfig"; path = "Pods/Target Support Files/Pods-AddressDetailTest/Pods-AddressDetailTest.debug.xcconfig"; sourceTree = "<group>"; };
		EB7CCCE220E8C43F00FCC6B5 /* AddressDetailTest.app */ = {isa = PBXFileReference; explicitFileType = wrapper.application; includeInIndex = 0; path = AddressDetailTest.app; sourceTree = BUILT_PRODUCTS_DIR; };
		EB7CCCE520E8C43F00FCC6B5 /* AppDelegate.swift */ = {isa = PBXFileReference; lastKnownFileType = sourcecode.swift; path = AppDelegate.swift; sourceTree = "<group>"; };
		EB7CCCE720E8C43F00FCC6B5 /* ViewController.swift */ = {isa = PBXFileReference; lastKnownFileType = sourcecode.swift; path = ViewController.swift; sourceTree = "<group>"; };
		EB7CCCEA20E8C43F00FCC6B5 /* Base */ = {isa = PBXFileReference; lastKnownFileType = file.storyboard; name = Base; path = Base.lproj/Main.storyboard; sourceTree = "<group>"; };
		EB7CCCEC20E8C44000FCC6B5 /* Assets.xcassets */ = {isa = PBXFileReference; lastKnownFileType = folder.assetcatalog; path = Assets.xcassets; sourceTree = "<group>"; };
		EB7CCCEF20E8C44000FCC6B5 /* Base */ = {isa = PBXFileReference; lastKnownFileType = file.storyboard; name = Base; path = Base.lproj/LaunchScreen.storyboard; sourceTree = "<group>"; };
		EB7CCCF120E8C44000FCC6B5 /* Info.plist */ = {isa = PBXFileReference; lastKnownFileType = text.plist.xml; path = Info.plist; sourceTree = "<group>"; };
/* End PBXFileReference section */

/* Begin PBXFrameworksBuildPhase section */
		EB7CCCDF20E8C43F00FCC6B5 /* Frameworks */ = {
			isa = PBXFrameworksBuildPhase;
			buildActionMask = 2147483647;
			files = (
				C3741D1AA9F3E4619C9B17D5 /* Pods_AddressDetailTest.framework in Frameworks */,
			);
			runOnlyForDeploymentPostprocessing = 0;
		};
/* End PBXFrameworksBuildPhase section */

/* Begin PBXGroup section */
		22E9439DDE14BFA63B1340CD /* Pods */ = {
			isa = PBXGroup;
			children = (
				E2B85ADA8F9D17051F2F33ED /* Pods-AddressDetailTest.debug.xcconfig */,
				122CC3C2D33EAF797488475A /* Pods-AddressDetailTest.release.xcconfig */,
			);
			name = Pods;
			sourceTree = "<group>";
		};
		DBDE3B2FCB686AE174A9158F /* Frameworks */ = {
			isa = PBXGroup;
			children = (
				6913EC63526052E06383A744 /* Pods_AddressDetailTest.framework */,
			);
			name = Frameworks;
			sourceTree = "<group>";
		};
		EB7CCCD920E8C43F00FCC6B5 = {
			isa = PBXGroup;
			children = (
				EB7CCCE420E8C43F00FCC6B5 /* AddressDetailTest */,
				EB7CCCE320E8C43F00FCC6B5 /* Products */,
				22E9439DDE14BFA63B1340CD /* Pods */,
				DBDE3B2FCB686AE174A9158F /* Frameworks */,
			);
			sourceTree = "<group>";
		};
		EB7CCCE320E8C43F00FCC6B5 /* Products */ = {
			isa = PBXGroup;
			children = (
				EB7CCCE220E8C43F00FCC6B5 /* AddressDetailTest.app */,
			);
			name = Products;
			sourceTree = "<group>";
		};
		EB7CCCE420E8C43F00FCC6B5 /* AddressDetailTest */ = {
			isa = PBXGroup;
			children = (
				EB7CCCE520E8C43F00FCC6B5 /* AppDelegate.swift */,
				EB7CCCE720E8C43F00FCC6B5 /* ViewController.swift */,
				EB7CCCE920E8C43F00FCC6B5 /* Main.storyboard */,
				EB7CCCEC20E8C44000FCC6B5 /* Assets.xcassets */,
				EB7CCCEE20E8C44000FCC6B5 /* LaunchScreen.storyboard */,
				EB7CCCF120E8C44000FCC6B5 /* Info.plist */,
			);
			path = AddressDetailTest;
			sourceTree = "<group>";
		};
/* End PBXGroup section */

/* Begin PBXNativeTarget section */
		EB7CCCE120E8C43F00FCC6B5 /* AddressDetailTest */ = {
			isa = PBXNativeTarget;
			buildConfigurationList = EB7CCCF420E8C44000FCC6B5 /* Build configuration list for PBXNativeTarget "AddressDetailTest" */;
			buildPhases = (
				DE52390CE2432D58A877BB44 /* [CP] Check Pods Manifest.lock */,
				EB7CCCDE20E8C43F00FCC6B5 /* Sources */,
				EB7CCCDF20E8C43F00FCC6B5 /* Frameworks */,
				EB7CCCE020E8C43F00FCC6B5 /* Resources */,
				5CD93FCD8F542B82FE677F02 /* [CP] Embed Pods Frameworks */,
				BF41F228D61C01958B6B38FF /* [CP] Copy Pods Resources */,
			);
			buildRules = (
			);
			dependencies = (
			);
			name = AddressDetailTest;
			productName = AddressDetailTest;
			productReference = EB7CCCE220E8C43F00FCC6B5 /* AddressDetailTest.app */;
			productType = "com.apple.product-type.application";
		};
/* End PBXNativeTarget section */

/* Begin PBXProject section */
		EB7CCCDA20E8C43F00FCC6B5 /* Project object */ = {
			isa = PBXProject;
			attributes = {
				LastSwiftUpdateCheck = 0940;
				LastUpgradeCheck = 0940;
				ORGANIZATIONNAME = "Faruk Yavuz";
				TargetAttributes = {
					EB7CCCE120E8C43F00FCC6B5 = {
						CreatedOnToolsVersion = 9.4.1;
					};
				};
			};
			buildConfigurationList = EB7CCCDD20E8C43F00FCC6B5 /* Build configuration list for PBXProject "AddressDetailTest" */;
			compatibilityVersion = "Xcode 9.3";
			developmentRegion = en;
			hasScannedForEncodings = 0;
			knownRegions = (
				en,
				Base,
			);
			mainGroup = EB7CCCD920E8C43F00FCC6B5;
			productRefGroup = EB7CCCE320E8C43F00FCC6B5 /* Products */;
			projectDirPath = "";
			projectRoot = "";
			targets = (
				EB7CCCE120E8C43F00FCC6B5 /* AddressDetailTest */,
			);
		};
/* End PBXProject section */

/* Begin PBXResourcesBuildPhase section */
		EB7CCCE020E8C43F00FCC6B5 /* Resources */ = {
			isa = PBXResourcesBuildPhase;
			buildActionMask = 2147483647;
			files = (
				EB7CCCF020E8C44000FCC6B5 /* LaunchScreen.storyboard in Resources */,
				EB7CCCED20E8C44000FCC6B5 /* Assets.xcassets in Resources */,
				EB7CCCEB20E8C43F00FCC6B5 /* Main.storyboard in Resources */,
			);
			runOnlyForDeploymentPostprocessing = 0;
		};
/* End PBXResourcesBuildPhase section */

/* Begin PBXShellScriptBuildPhase section */
		5CD93FCD8F542B82FE677F02 /* [CP] Embed Pods Frameworks */ = {
			isa = PBXShellScriptBuildPhase;
			buildActionMask = 2147483647;
			files = (
			);
			inputPaths = (
				"${SRCROOT}/Pods/Target Support Files/Pods-AddressDetailTest/Pods-AddressDetailTest-frameworks.sh",
				"${BUILT_PRODUCTS_DIR}/TextFieldEffects/TextFieldEffects.framework",
			);
			name = "[CP] Embed Pods Frameworks";
			outputPaths = (
				"${TARGET_BUILD_DIR}/${FRAMEWORKS_FOLDER_PATH}/TextFieldEffects.framework",
			);
			runOnlyForDeploymentPostprocessing = 0;
			shellPath = /bin/sh;
			shellScript = "\"${SRCROOT}/Pods/Target Support Files/Pods-AddressDetailTest/Pods-AddressDetailTest-frameworks.sh\"\n";
			showEnvVarsInLog = 0;
		};
		BF41F228D61C01958B6B38FF /* [CP] Copy Pods Resources */ = {
			isa = PBXShellScriptBuildPhase;
			buildActionMask = 2147483647;
			files = (
			);
			inputPaths = (
			);
			name = "[CP] Copy Pods Resources";
			outputPaths = (
			);
			runOnlyForDeploymentPostprocessing = 0;
			shellPath = /bin/sh;
			shellScript = "\"${SRCROOT}/Pods/Target Support Files/Pods-AddressDetailTest/Pods-AddressDetailTest-resources.sh\"\n";
			showEnvVarsInLog = 0;
		};
		DE52390CE2432D58A877BB44 /* [CP] Check Pods Manifest.lock */ = {
			isa = PBXShellScriptBuildPhase;
			buildActionMask = 2147483647;
			files = (
			);
			inputPaths = (
				"${PODS_PODFILE_DIR_PATH}/Podfile.lock",
				"${PODS_ROOT}/Manifest.lock",
			);
			name = "[CP] Check Pods Manifest.lock";
			outputPaths = (
				"$(DERIVED_FILE_DIR)/Pods-AddressDetailTest-checkManifestLockResult.txt",
			);
			runOnlyForDeploymentPostprocessing = 0;
			shellPath = /bin/sh;
			shellScript = "diff \"${PODS_PODFILE_DIR_PATH}/Podfile.lock\" \"${PODS_ROOT}/Manifest.lock\" > /dev/null\nif [ $? != 0 ] ; then\n    # print error to STDERR\n    echo \"error: The sandbox is not in sync with the Podfile.lock. Run 'pod install' or update your CocoaPods installation.\" >&2\n    exit 1\nfi\n# This output is used by Xcode 'outputs' to avoid re-running this script phase.\necho \"SUCCESS\" > \"${SCRIPT_OUTPUT_FILE_0}\"\n";
			showEnvVarsInLog = 0;
		};
/* End PBXShellScriptBuildPhase section */

/* Begin PBXSourcesBuildPhase section */
		EB7CCCDE20E8C43F00FCC6B5 /* Sources */ = {
			isa = PBXSourcesBuildPhase;
			buildActionMask = 2147483647;
			files = (
				EB7CCCE820E8C43F00FCC6B5 /* ViewController.swift in Sources */,
				EB7CCCE620E8C43F00FCC6B5 /* AppDelegate.swift in Sources */,
			);
			runOnlyForDeploymentPostprocessing = 0;
		};
/* End PBXSourcesBuildPhase section */

/* Begin PBXVariantGroup section */
		EB7CCCE920E8C43F00FCC6B5 /* Main.storyboard */ = {
			isa = PBXVariantGroup;
			children = (
				EB7CCCEA20E8C43F00FCC6B5 /* Base */,
			);
			name = Main.storyboard;
			sourceTree = "<group>";
		};
		EB7CCCEE20E8C44000FCC6B5 /* LaunchScreen.storyboard */ = {
			isa = PBXVariantGroup;
			children = (
				EB7CCCEF20E8C44000FCC6B5 /* Base */,
			);
			name = LaunchScreen.storyboard;
			sourceTree = "<group>";
		};
/* End PBXVariantGroup section */

/* Begin XCBuildConfiguration section */
		EB7CCCF220E8C44000FCC6B5 /* Debug */ = {
			isa = XCBuildConfiguration;
			buildSettings = {
				ALWAYS_SEARCH_USER_PATHS = NO;
				CLANG_ANALYZER_NONNULL = YES;
				CLANG_ANALYZER_NUMBER_OBJECT_CONVERSION = YES_AGGRESSIVE;
				CLANG_CXX_LANGUAGE_STANDARD = "gnu++14";
				CLANG_CXX_LIBRARY = "libc++";
				CLANG_ENABLE_MODULES = YES;
				CLANG_ENABLE_OBJC_ARC = YES;
				CLANG_ENABLE_OBJC_WEAK = YES;
				CLANG_WARN_BLOCK_CAPTURE_AUTORELEASING = YES;
				CLANG_WARN_BOOL_CONVERSION = YES;
				CLANG_WARN_COMMA = YES;
				CLANG_WARN_CONSTANT_CONVERSION = YES;
				CLANG_WARN_DEPRECATED_OBJC_IMPLEMENTATIONS = YES;
				CLANG_WARN_DIRECT_OBJC_ISA_USAGE = YES_ERROR;
				CLANG_WARN_DOCUMENTATION_COMMENTS = YES;
				CLANG_WARN_EMPTY_BODY = YES;
				CLANG_WARN_ENUM_CONVERSION = YES;
				CLANG_WARN_INFINITE_RECURSION = YES;
				CLANG_WARN_INT_CONVERSION = YES;
				CLANG_WARN_NON_LITERAL_NULL_CONVERSION = YES;
				CLANG_WARN_OBJC_IMPLICIT_RETAIN_SELF = YES;
				CLANG_WARN_OBJC_LITERAL_CONVERSION = YES;
				CLANG_WARN_OBJC_ROOT_CLASS = YES_ERROR;
				CLANG_WARN_RANGE_LOOP_ANALYSIS = YES;
				CLANG_WARN_STRICT_PROTOTYPES = YES;
				CLANG_WARN_SUSPICIOUS_MOVE = YES;
				CLANG_WARN_UNGUARDED_AVAILABILITY = YES_AGGRESSIVE;
				CLANG_WARN_UNREACHABLE_CODE = YES;
				CLANG_WARN__DUPLICATE_METHOD_MATCH = YES;
				CODE_SIGN_IDENTITY = "iPhone Developer";
				COPY_PHASE_STRIP = NO;
				DEBUG_INFORMATION_FORMAT = dwarf;
				ENABLE_STRICT_OBJC_MSGSEND = YES;
				ENABLE_TESTABILITY = YES;
				GCC_C_LANGUAGE_STANDARD = gnu11;
				GCC_DYNAMIC_NO_PIC = NO;
				GCC_NO_COMMON_BLOCKS = YES;
				GCC_OPTIMIZATION_LEVEL = 0;
				GCC_PREPROCESSOR_DEFINITIONS = (
					"DEBUG=1",
					"$(inherited)",
				);
				GCC_WARN_64_TO_32_BIT_CONVERSION = YES;
				GCC_WARN_ABOUT_RETURN_TYPE = YES_ERROR;
				GCC_WARN_UNDECLARED_SELECTOR = YES;
				GCC_WARN_UNINITIALIZED_AUTOS = YES_AGGRESSIVE;
				GCC_WARN_UNUSED_FUNCTION = YES;
				GCC_WARN_UNUSED_VARIABLE = YES;
				IPHONEOS_DEPLOYMENT_TARGET = 10.3;
				MTL_ENABLE_DEBUG_INFO = YES;
				ONLY_ACTIVE_ARCH = YES;
				SDKROOT = iphoneos;
				SWIFT_ACTIVE_COMPILATION_CONDITIONS = DEBUG;
				SWIFT_OPTIMIZATION_LEVEL = "-Onone";
			};
			name = Debug;
		};
		EB7CCCF320E8C44000FCC6B5 /* Release */ = {
			isa = XCBuildConfiguration;
			buildSettings = {
				ALWAYS_SEARCH_USER_PATHS = NO;
				CLANG_ANALYZER_NONNULL = YES;
				CLANG_ANALYZER_NUMBER_OBJECT_CONVERSION = YES_AGGRESSIVE;
				CLANG_CXX_LANGUAGE_STANDARD = "gnu++14";
				CLANG_CXX_LIBRARY = "libc++";
				CLANG_ENABLE_MODULES = YES;
				CLANG_ENABLE_OBJC_ARC = YES;
				CLANG_ENABLE_OBJC_WEAK = YES;
				CLANG_WARN_BLOCK_CAPTURE_AUTORELEASING = YES;
				CLANG_WARN_BOOL_CONVERSION = YES;
				CLANG_WARN_COMMA = YES;
				CLANG_WARN_CONSTANT_CONVERSION = YES;
				CLANG_WARN_DEPRECATED_OBJC_IMPLEMENTATIONS = YES;
				CLANG_WARN_DIRECT_OBJC_ISA_USAGE = YES_ERROR;
				CLANG_WARN_DOCUMENTATION_COMMENTS = YES;
				CLANG_WARN_EMPTY_BODY = YES;
				CLANG_WARN_ENUM_CONVERSION = YES;
				CLANG_WARN_INFINITE_RECURSION = YES;
				CLANG_WARN_INT_CONVERSION = YES;
				CLANG_WARN_NON_LITERAL_NULL_CONVERSION = YES;
				CLANG_WARN_OBJC_IMPLICIT_RETAIN_SELF = YES;
				CLANG_WARN_OBJC_LITERAL_CONVERSION = YES;
				CLANG_WARN_OBJC_ROOT_CLASS = YES_ERROR;
				CLANG_WARN_RANGE_LOOP_ANALYSIS = YES;
				CLANG_WARN_STRICT_PROTOTYPES = YES;
				CLANG_WARN_SUSPICIOUS_MOVE = YES;
				CLANG_WARN_UNGUARDED_AVAILABILITY = YES_AGGRESSIVE;
				CLANG_WARN_UNREACHABLE_CODE = YES;
				CLANG_WARN__DUPLICATE_METHOD_MATCH = YES;
				CODE_SIGN_IDENTITY = "iPhone Developer";
				COPY_PHASE_STRIP = NO;
				DEBUG_INFORMATION_FORMAT = "dwarf-with-dsym";
				ENABLE_NS_ASSERTIONS = NO;
				ENABLE_STRICT_OBJC_MSGSEND = YES;
				GCC_C_LANGUAGE_STANDARD = gnu11;
				GCC_NO_COMMON_BLOCKS = YES;
				GCC_WARN_64_TO_32_BIT_CONVERSION = YES;
				GCC_WARN_ABOUT_RETURN_TYPE = YES_ERROR;
				GCC_WARN_UNDECLARED_SELECTOR = YES;
				GCC_WARN_UNINITIALIZED_AUTOS = YES_AGGRESSIVE;
				GCC_WARN_UNUSED_FUNCTION = YES;
				GCC_WARN_UNUSED_VARIABLE = YES;
				IPHONEOS_DEPLOYMENT_TARGET = 10.3;
				MTL_ENABLE_DEBUG_INFO = NO;
				SDKROOT = iphoneos;
				SWIFT_COMPILATION_MODE = wholemodule;
				SWIFT_OPTIMIZATION_LEVEL = "-O";
				VALIDATE_PRODUCT = YES;
			};
			name = Release;
		};
		EB7CCCF520E8C44000FCC6B5 /* Debug */ = {
			isa = XCBuildConfiguration;
			baseConfigurationReference = E2B85ADA8F9D17051F2F33ED /* Pods-AddressDetailTest.debug.xcconfig */;
			buildSettings = {
				ASSETCATALOG_COMPILER_APPICON_NAME = AppIcon;
				CODE_SIGN_STYLE = Automatic;
				DEVELOPMENT_TEAM = A3NVT996NE;
				INFOPLIST_FILE = AddressDetailTest/Info.plist;
				LD_RUNPATH_SEARCH_PATHS = (
					"$(inherited)",
					"@executable_path/Frameworks",
				);
				PRODUCT_BUNDLE_IDENTIFIER = org.faruk.AddressDetailTest;
				PRODUCT_NAME = "$(TARGET_NAME)";
				SWIFT_VERSION = 4.0;
				TARGETED_DEVICE_FAMILY = "1,2";
			};
			name = Debug;
		};
		EB7CCCF620E8C44000FCC6B5 /* Release */ = {
			isa = XCBuildConfiguration;
			baseConfigurationReference = 122CC3C2D33EAF797488475A /* Pods-AddressDetailTest.release.xcconfig */;
			buildSettings = {
				ASSETCATALOG_COMPILER_APPICON_NAME = AppIcon;
				CODE_SIGN_STYLE = Automatic;
				DEVELOPMENT_TEAM = A3NVT996NE;
				INFOPLIST_FILE = AddressDetailTest/Info.plist;
				LD_RUNPATH_SEARCH_PATHS = (
					"$(inherited)",
					"@executable_path/Frameworks",
				);
				PRODUCT_BUNDLE_IDENTIFIER = org.faruk.AddressDetailTest;
				PRODUCT_NAME = "$(TARGET_NAME)";
				SWIFT_VERSION = 4.0;
				TARGETED_DEVICE_FAMILY = "1,2";
			};
			name = Release;
		};
/* End XCBuildConfiguration section */

/* Begin XCConfigurationList section */
		EB7CCCDD20E8C43F00FCC6B5 /* Build configuration list for PBXProject "AddressDetailTest" */ = {
			isa = XCConfigurationList;
			buildConfigurations = (
				EB7CCCF220E8C44000FCC6B5 /* Debug */,
				EB7CCCF320E8C44000FCC6B5 /* Release */,
			);
			defaultConfigurationIsVisible = 0;
			defaultConfigurationName = Release;
		};
		EB7CCCF420E8C44000FCC6B5 /* Build configuration list for PBXNativeTarget "AddressDetailTest" */ = {
			isa = XCConfigurationList;
			buildConfigurations = (
				EB7CCCF520E8C44000FCC6B5 /* Debug */,
				EB7CCCF620E8C44000FCC6B5 /* Release */,
			);
			defaultConfigurationIsVisible = 0;
			defaultConfigurationName = Release;
		};
/* End XCConfigurationList section */
	};
	rootObject = EB7CCCDA20E8C43F00FCC6B5 /* Project object */;
}
